
Microsoft Visual Studio Solution File, Format Version 11.00
# Visual Studio 2010
Project("{FAE04EC0-301F-11D3-BF4B-00C04F79EFBC}") = "Assembly-CSharp-firstpass", "Assembly-CSharp-firstpass.csproj", "{8e91e07c-7c84-b69d-70a4-1600970e7563}"
EndProject
Project("{FAE04EC0-301F-11D3-BF4B-00C04F79EFBC}") = "Assembly-CSharp", "Assembly-CSharp.csproj", "{e7ef87e2-44aa-844e-4cdd-bf241e548977}"
EndProject
Project("{FAE04EC0-301F-11D3-BF4B-00C04F79EFBC}") = "Assembly-CSharp-Editor", "Assembly-CSharp-Editor.csproj", "{4affe682-5875-49dd-34a0-72c63a77f3b9}"
EndProject
Project("{FAE04EC0-301F-11D3-BF4B-00C04F79EFBC}") = "Assembly-CSharp-Editor-firstpass", "Assembly-CSharp-Editor-firstpass.csproj", "{5ee9430b-73ea-36d5-bcb4-45d9747b249a}"
EndProject
Global
	GlobalSection(SolutionConfigurationPlatforms) = preSolution
		Debug|Any CPU = Debug|Any CPU
	EndGlobalSection
	GlobalSection(ProjectConfigurationPlatforms) = postSolution
		{8e91e07c-7c84-b69d-70a4-1600970e7563}.Debug|Any CPU.ActiveCfg = Debug|Any CPU
		{8e91e07c-7c84-b69d-70a4-1600970e7563}.Debug|Any CPU.Build.0 = Debug|Any CPU
		{e7ef87e2-44aa-844e-4cdd-bf241e548977}.Debug|Any CPU.ActiveCfg = Debug|Any CPU
		{e7ef87e2-44aa-844e-4cdd-bf241e548977}.Debug|Any CPU.Build.0 = Debug|Any CPU
		{4affe682-5875-49dd-34a0-72c63a77f3b9}.Debug|Any CPU.ActiveCfg = Debug|Any CPU
		{4affe682-5875-49dd-34a0-72c63a77f3b9}.Debug|Any CPU.Build.0 = Debug|Any CPU
		{5ee9430b-73ea-36d5-bcb4-45d9747b249a}.Debug|Any CPU.ActiveCfg = Debug|Any CPU
		{5ee9430b-73ea-36d5-bcb4-45d9747b249a}.Debug|Any CPU.Build.0 = Debug|Any CPU
	EndGlobalSection
	GlobalSection(SolutionProperties) = preSolution
		HideSolutionNode = FALSE
	EndGlobalSection
EndGlobal
